
Microsoft Visual Studio Solution File, Format Version 12.00
# Visual Studio 15
VisualStudioVersion = 15.0.27130.2020
MinimumVisualStudioVersion = 10.0.40219.1
Project("{FAE04EC0-301F-11D3-BF4B-00C04F79EFBC}") = "Dog_Company", "Dog_Company\Dog_Company.csproj", "{A42476CE-0876-452D-A8F2-993DD5170041}"
EndProject
Global
	GlobalSection(SolutionConfigurationPlatforms) = preSolution
		Debug|Any CPU = Debug|Any CPU
		Release|Any CPU = Release|Any CPU
	EndGlobalSection
	GlobalSection(ProjectConfigurationPlatforms) = postSolution
		{A42476CE-0876-452D-A8F2-993DD5170041}.Debug|Any CPU.ActiveCfg = Debug|Any CPU
		{A42476CE-0876-452D-A8F2-993DD5170041}.Debug|Any CPU.Build.0 = Debug|Any CPU
		{A42476CE-0876-452D-A8F2-993DD5170041}.Release|Any CPU.ActiveCfg = Release|Any CPU
		{A42476CE-0876-452D-A8F2-993DD5170041}.Release|Any CPU.Build.0 = Release|Any CPU
	EndGlobalSection
	GlobalSection(SolutionProperties) = preSolution
		HideSolutionNode = FALSE
	EndGlobalSection
	GlobalSection(ExtensibilityGlobals) = postSolution
		SolutionGuid = {4E7883A1-7927-49D6-8178-C41ABD116ABA}
	EndGlobalSection
EndGlobal
